
Microsoft Visual Studio Solution File, Format Version 12.00
# Visual Studio 14
VisualStudioVersion = 14.0.24720.0
MinimumVisualStudioVersion = 10.0.40219.1
Project("{8BC9CEB8-8B4A-11D0-8D11-00A0C91BC942}") = "prizoop", "prizoop.vcxproj", "{0A1E9BF8-05DD-4F73-81D8-18DA73DB5796}"
EndProject
Project("{8BC9CEB8-8B4A-11D0-8D11-00A0C91BC942}") = "comp-gb", "..\comp-gb\comp-gb.vcxproj", "{AEBE76A4-DB41-479F-86B2-D6236D7AA3EF}"
EndProject
Global
	GlobalSection(SolutionConfigurationPlatforms) = preSolution
		DeviceDebug|Prizm = DeviceDebug|Prizm
		DeviceDebug|x64 = DeviceDebug|x64
		DeviceDebug|x86 = DeviceDebug|x86
		DeviceRelease|Prizm = DeviceRelease|Prizm
		DeviceRelease|x64 = DeviceRelease|x64
		DeviceRelease|x86 = DeviceRelease|x86
		Emulator|Prizm = Emulator|Prizm
		Emulator|x64 = Emulator|x64
		Emulator|x86 = Emulator|x86
		WindowsSim|Prizm = WindowsSim|Prizm
		WindowsSim|x64 = WindowsSim|x64
		WindowsSim|x86 = WindowsSim|x86
	EndGlobalSection
	GlobalSection(ProjectConfigurationPlatforms) = postSolution
		{0A1E9BF8-05DD-4F73-81D8-18DA73DB5796}.DeviceDebug|Prizm.ActiveCfg = DeviceDebug|x64
		{0A1E9BF8-05DD-4F73-81D8-18DA73DB5796}.DeviceDebug|Prizm.Build.0 = DeviceDebug|x64
		{0A1E9BF8-05DD-4F73-81D8-18DA73DB5796}.DeviceDebug|x64.ActiveCfg = DeviceDebug|x64
		{0A1E9BF8-05DD-4F73-81D8-18DA73DB5796}.DeviceDebug|x64.Build.0 = DeviceDebug|x64
		{0A1E9BF8-05DD-4F73-81D8-18DA73DB5796}.DeviceDebug|x86.ActiveCfg = DeviceDebug|Win32
		{0A1E9BF8-05DD-4F73-81D8-18DA73DB5796}.DeviceDebug|x86.Build.0 = DeviceDebug|Win32
		{0A1E9BF8-05DD-4F73-81D8-18DA73DB5796}.DeviceRelease|Prizm.ActiveCfg = DeviceRelease|x64
		{0A1E9BF8-05DD-4F73-81D8-18DA73DB5796}.DeviceRelease|Prizm.Build.0 = DeviceRelease|x64
		{0A1E9BF8-05DD-4F73-81D8-18DA73DB5796}.DeviceRelease|x64.ActiveCfg = DeviceRelease|x64
		{0A1E9BF8-05DD-4F73-81D8-18DA73DB5796}.DeviceRelease|x64.Build.0 = DeviceRelease|x64
		{0A1E9BF8-05DD-4F73-81D8-18DA73DB5796}.DeviceRelease|x86.ActiveCfg = DeviceRelease|Win32
		{0A1E9BF8-05DD-4F73-81D8-18DA73DB5796}.DeviceRelease|x86.Build.0 = DeviceRelease|Win32
		{0A1E9BF8-05DD-4F73-81D8-18DA73DB5796}.Emulator|Prizm.ActiveCfg = Emulator|x64
		{0A1E9BF8-05DD-4F73-81D8-18DA73DB5796}.Emulator|Prizm.Build.0 = Emulator|x64
		{0A1E9BF8-05DD-4F73-81D8-18DA73DB5796}.Emulator|x64.ActiveCfg = Emulator|x64
		{0A1E9BF8-05DD-4F73-81D8-18DA73DB5796}.Emulator|x64.Build.0 = Emulator|x64
		{0A1E9BF8-05DD-4F73-81D8-18DA73DB5796}.Emulator|x86.ActiveCfg = Emulator|Win32
		{0A1E9BF8-05DD-4F73-81D8-18DA73DB5796}.Emulator|x86.Build.0 = Emulator|Win32
		{0A1E9BF8-05DD-4F73-81D8-18DA73DB5796}.WindowsSim|Prizm.ActiveCfg = WindowsSim|Win32
		{0A1E9BF8-05DD-4F73-81D8-18DA73DB5796}.WindowsSim|Prizm.Build.0 = WindowsSim|Win32
		{0A1E9BF8-05DD-4F73-81D8-18DA73DB5796}.WindowsSim|x64.ActiveCfg = WindowsSim|x64
		{0A1E9BF8-05DD-4F73-81D8-18DA73DB5796}.WindowsSim|x64.Build.0 = WindowsSim|x64
		{0A1E9BF8-05DD-4F73-81D8-18DA73DB5796}.WindowsSim|x86.ActiveCfg = WindowsSim|Win32
		{0A1E9BF8-05DD-4F73-81D8-18DA73DB5796}.WindowsSim|x86.Build.0 = WindowsSim|Win32
		{AEBE76A4-DB41-479F-86B2-D6236D7AA3EF}.DeviceDebug|Prizm.ActiveCfg = Release|Win32
		{AEBE76A4-DB41-479F-86B2-D6236D7AA3EF}.DeviceDebug|Prizm.Build.0 = Release|Win32
		{AEBE76A4-DB41-479F-86B2-D6236D7AA3EF}.DeviceDebug|x64.ActiveCfg = Release|Win32
		{AEBE76A4-DB41-479F-86B2-D6236D7AA3EF}.DeviceDebug|x64.Build.0 = Release|Win32
		{AEBE76A4-DB41-479F-86B2-D6236D7AA3EF}.DeviceDebug|x86.ActiveCfg = Debug|Win32
		{AEBE76A4-DB41-479F-86B2-D6236D7AA3EF}.DeviceDebug|x86.Build.0 = Debug|Win32
		{AEBE76A4-DB41-479F-86B2-D6236D7AA3EF}.DeviceRelease|Prizm.ActiveCfg = Release|Win32
		{AEBE76A4-DB41-479F-86B2-D6236D7AA3EF}.DeviceRelease|Prizm.Build.0 = Release|Win32
		{AEBE76A4-DB41-479F-86B2-D6236D7AA3EF}.DeviceRelease|x64.ActiveCfg = Release|Win32
		{AEBE76A4-DB41-479F-86B2-D6236D7AA3EF}.DeviceRelease|x64.Build.0 = Release|Win32
		{AEBE76A4-DB41-479F-86B2-D6236D7AA3EF}.DeviceRelease|x86.ActiveCfg = Release|Win32
		{AEBE76A4-DB41-479F-86B2-D6236D7AA3EF}.DeviceRelease|x86.Build.0 = Release|Win32
		{AEBE76A4-DB41-479F-86B2-D6236D7AA3EF}.Emulator|Prizm.ActiveCfg = Release|Win32
		{AEBE76A4-DB41-479F-86B2-D6236D7AA3EF}.Emulator|Prizm.Build.0 = Release|Win32
		{AEBE76A4-DB41-479F-86B2-D6236D7AA3EF}.Emulator|x64.ActiveCfg = Release|Win32
		{AEBE76A4-DB41-479F-86B2-D6236D7AA3EF}.Emulator|x64.Build.0 = Release|Win32
		{AEBE76A4-DB41-479F-86B2-D6236D7AA3EF}.Emulator|x86.ActiveCfg = Release|Win32
		{AEBE76A4-DB41-479F-86B2-D6236D7AA3EF}.Emulator|x86.Build.0 = Release|Win32
		{AEBE76A4-DB41-479F-86B2-D6236D7AA3EF}.WindowsSim|Prizm.ActiveCfg = Release|Win32
		{AEBE76A4-DB41-479F-86B2-D6236D7AA3EF}.WindowsSim|Prizm.Build.0 = Release|Win32
		{AEBE76A4-DB41-479F-86B2-D6236D7AA3EF}.WindowsSim|x64.ActiveCfg = Release|Win32
		{AEBE76A4-DB41-479F-86B2-D6236D7AA3EF}.WindowsSim|x64.Build.0 = Release|Win32
		{AEBE76A4-DB41-479F-86B2-D6236D7AA3EF}.WindowsSim|x86.ActiveCfg = Release|Win32
		{AEBE76A4-DB41-479F-86B2-D6236D7AA3EF}.WindowsSim|x86.Build.0 = Release|Win32
	EndGlobalSection
	GlobalSection(SolutionProperties) = preSolution
		HideSolutionNode = FALSE
	EndGlobalSection
EndGlobal
