<?xml version="1.0" encoding="utf-8"?>
<Project ToolsVersion="4.0" xmlns="http://schemas.microsoft.com/developer/msbuild/2003">
  <ItemGroup>
    <Filter Include="Source Files">
      <UniqueIdentifier>{4FC737F1-C7A5-4376-A066-2A32D752A2FF}</UniqueIdentifier>
      <Extensions>cpp;c;cc;cxx;def;odl;idl;hpj;bat;asm;asmx</Extensions>
    </Filter>
    <Filter Include="Header Files">
      <UniqueIdentifier>{93995380-89BD-4b04-88EB-625FBE52EBFB}</UniqueIdentifier>
      <Extensions>h;hh;hpp;hxx;hm;inl;inc;xsd</Extensions>
    </Filter>
    <Filter Include="Resource Files">
      <UniqueIdentifier>{67DA6AB6-F800-4c08-8B7A-83BB121AAD01}</UniqueIdentifier>
      <Extensions>rc;ico;cur;bmp;dlg;rc2;rct;bin;rgs;gif;jpg;jpeg;jpe;resx;tiff;tif;png;wav;mfcribbon-ms</Extensions>
    </Filter>
    <Filter Include="Header Files\core">
      <UniqueIdentifier>{49ea25c3-636f-4bea-8131-a1da898cc254}</UniqueIdentifier>
    </Filter>
    <Filter Include="Header Files\menu">
      <UniqueIdentifier>{094520cf-f800-42be-9fe1-fe0f70fa5aa5}</UniqueIdentifier>
    </Filter>
    <Filter Include="Source Files\core">
      <UniqueIdentifier>{1065d6d4-2c97-4b21-911d-07dfc895c926}</UniqueIdentifier>
    </Filter>
    <Filter Include="Source Files\menu">
      <UniqueIdentifier>{59ac1813-d914-4e4b-847f-f6b520fcb177}</UniqueIdentifier>
    </Filter>
    <Filter Include="ptune2_simple">
      <UniqueIdentifier>{693d36c5-6996-45ff-a69e-a5ad57b2d2a1}</UniqueIdentifier>
    </Filter>
    <Filter Include="prizm-zx7">
      <UniqueIdentifier>{101f6621-ea55-42c5-a919-df436e845d59}</UniqueIdentifier>
    </Filter>
    <Filter Include="prizm-winsim">
      <UniqueIdentifier>{80e0df14-724b-48b1-8ebd-32f08df57407}</UniqueIdentifier>
    </Filter>
    <Filter Include="calctype">
      <UniqueIdentifier>{37933317-d9e2-4ed4-8297-a8e5e5b8c6ff}</UniqueIdentifier>
    </Filter>
  </ItemGroup>
  <ItemGroup>
    <ClCompile Include="..\src\ScopeTimer.cpp">
      <Filter>Source Files</Filter>
    </ClCompile>
    <ClCompile Include="..\src\main.cpp">
      <Filter>Source Files</Filter>
    </ClCompile>
    <ClCompile Include="..\src\emulator.cpp">
      <Filter>Source Files</Filter>
    </ClCompile>
    <ClCompile Include="..\src\cgb_bootstrap.cpp">
      <Filter>Source Files</Filter>
    </ClCompile>
    <ClCompile Include="..\src\cpu.cpp">
      <Filter>Source Files\core</Filter>
    </ClCompile>
    <ClCompile Include="..\src\debug.cpp">
      <Filter>Source Files\core</Filter>
    </ClCompile>
    <ClCompile Include="..\src\display_emu.cpp">
      <Filter>Source Files\core</Filter>
    </ClCompile>
    <ClCompile Include="..\src\display_directlcd.cpp">
      <Filter>Source Files\core</Filter>
    </ClCompile>
    <ClCompile Include="..\src\gpu.cpp">
      <Filter>Source Files\core</Filter>
    </ClCompile>
    <ClCompile Include="..\src\interrupts.cpp">
      <Filter>Source Files\core</Filter>
    </ClCompile>
    <ClCompile Include="..\src\keys.cpp">
      <Filter>Source Files\core</Filter>
    </ClCompile>
    <ClCompile Include="..\src\mbc.cpp">
      <Filter>Source Files\core</Filter>
    </ClCompile>
    <ClCompile Include="..\src\memory.cpp">
      <Filter>Source Files\core</Filter>
    </ClCompile>
    <ClCompile Include="..\src\rom.cpp">
      <Filter>Source Files\core</Filter>
    </ClCompile>
    <ClCompile Include="..\src\screen_rom.cpp">
      <Filter>Source Files\menu</Filter>
    </ClCompile>
    <ClCompile Include="..\src\screen_play.cpp">
      <Filter>Source Files\menu</Filter>
    </ClCompile>
    <ClCompile Include="..\src\screen_settings.cpp">
      <Filter>Source Files\menu</Filter>
    </ClCompile>
    <ClCompile Include="..\src\display_preview.cpp">
      <Filter>Source Files\core</Filter>
    </ClCompile>
    <ClCompile Include="..\src\bg_compressed.cpp">
      <Filter>Source Files\menu</Filter>
    </ClCompile>
    <ClCompile Include="..\src\ptune2_simple\Ptune2_direct.c">
      <Filter>ptune2_simple</Filter>
    </ClCompile>
    <ClCompile Include="..\src\cgb.cpp">
      <Filter>Source Files\core</Filter>
    </ClCompile>
    <ClCompile Include="..\src\snd_main.cpp">
      <Filter>Source Files\core</Filter>
    </ClCompile>
    <ClCompile Include="..\src\snd_winsim.cpp">
      <Filter>Source Files\core</Filter>
    </ClCompile>
    <ClCompile Include="..\src\snd_prizm.cpp">
      <Filter>Source Files\core</Filter>
    </ClCompile>
    <ClCompile Include="..\src\timer.cpp">
      <Filter>Source Files\core</Filter>
    </ClCompile>
    <ClCompile Include="..\..\prizm-zx7\zx7.c">
      <Filter>prizm-zx7</Filter>
    </ClCompile>
    <ClCompile Include="..\..\prizm-zx7\compress.c">
      <Filter>prizm-zx7</Filter>
    </ClCompile>
    <ClCompile Include="..\..\prizm-zx7\dzx7.c">
      <Filter>prizm-zx7</Filter>
    </ClCompile>
    <ClCompile Include="..\..\prizm-zx7\optimize.c">
      <Filter>prizm-zx7</Filter>
    </ClCompile>
    <ClCompile Include="..\..\prizm-winsim\winmain.cpp">
      <Filter>prizm-winsim</Filter>
    </ClCompile>
    <ClCompile Include="..\..\prizm-winsim\prizmsim.cpp">
      <Filter>prizm-winsim</Filter>
    </ClCompile>
    <ClCompile Include="..\..\calctype\calctype.c">
      <Filter>calctype</Filter>
    </ClCompile>
    <ClCompile Include="..\..\calctype\calctype_prizm.c">
      <Filter>calctype</Filter>
    </ClCompile>
    <ClCompile Include="..\src\screen_faq.cpp">
      <Filter>Source Files\menu</Filter>
    </ClCompile>
    <ClCompile Include="..\src\emulator_screen.cpp">
      <Filter>Source Files\menu</Filter>
    </ClCompile>
  </ItemGroup>
  <ItemGroup>
    <ClInclude Include="..\src\main.h">
      <Filter>Header Files</Filter>
    </ClInclude>
    <ClInclude Include="..\src\ScopeTimer.h">
      <Filter>Header Files</Filter>
    </ClInclude>
    <ClInclude Include="..\src\tmu.h">
      <Filter>Header Files</Filter>
    </ClInclude>
    <ClInclude Include="..\src\emulator.h">
      <Filter>Header Files</Filter>
    </ClInclude>
    <ClInclude Include="..\src\cgb_bootstrap.h">
      <Filter>Header Files</Filter>
    </ClInclude>
    <ClInclude Include="..\src\cpu.h">
      <Filter>Header Files\core</Filter>
    </ClInclude>
    <ClInclude Include="..\src\debug.h">
      <Filter>Header Files\core</Filter>
    </ClInclude>
    <ClInclude Include="..\src\display.h">
      <Filter>Header Files\core</Filter>
    </ClInclude>
    <ClInclude Include="..\src\gpu.h">
      <Filter>Header Files\core</Filter>
    </ClInclude>
    <ClInclude Include="..\src\interrupts.h">
      <Filter>Header Files\core</Filter>
    </ClInclude>
    <ClInclude Include="..\src\keys.h">
      <Filter>Header Files\core</Filter>
    </ClInclude>
    <ClInclude Include="..\src\mbc.h">
      <Filter>Header Files\core</Filter>
    </ClInclude>
    <ClInclude Include="..\src\memory.h">
      <Filter>Header Files\core</Filter>
    </ClInclude>
    <ClInclude Include="..\src\platform.h">
      <Filter>Header Files\core</Filter>
    </ClInclude>
    <ClInclude Include="..\src\registers.h">
      <Filter>Header Files\core</Filter>
    </ClInclude>
    <ClInclude Include="..\src\rom.h">
      <Filter>Header Files\core</Filter>
    </ClInclude>
    <ClInclude Include="..\src\screen_rom.h">
      <Filter>Header Files\menu</Filter>
    </ClInclude>
    <ClInclude Include="..\src\screen_play.h">
      <Filter>Header Files\menu</Filter>
    </ClInclude>
    <ClInclude Include="..\src\screen_settings.h">
      <Filter>Header Files\menu</Filter>
    </ClInclude>
    <ClInclude Include="..\src\ptune2_simple\Ptune2_direct.h">
      <Filter>ptune2_simple</Filter>
    </ClInclude>
    <ClInclude Include="..\src\ptune2_simple\SH7305_CPG_BSC.h">
      <Filter>ptune2_simple</Filter>
    </ClInclude>
    <ClInclude Include="..\src\cgb.h">
      <Filter>Header Files\core</Filter>
    </ClInclude>
    <ClInclude Include="..\src\snd.h">
      <Filter>Header Files\core</Filter>
    </ClInclude>
    <ClInclude Include="..\..\prizm-zx7\zx7.h">
      <Filter>prizm-zx7</Filter>
    </ClInclude>
    <ClInclude Include="..\..\prizm-winsim\prizmsim.h">
      <Filter>prizm-winsim</Filter>
    </ClInclude>
    <ClInclude Include="..\..\calctype\calctype.h">
      <Filter>calctype</Filter>
    </ClInclude>
    <ClInclude Include="..\src\screen_faq.h">
      <Filter>Header Files\menu</Filter>
    </ClInclude>
  </ItemGroup>
  <ItemGroup>
    <None Include="..\Makefile" />
    <None Include="..\src\cb_instructions.inl">
      <Filter>Source Files\core</Filter>
    </None>
    <None Include="..\src\cb_impl.inl">
      <Filter>Source Files\core</Filter>
    </None>
    <None Include="..\src\cpu_instructions.inl">
      <Filter>Source Files\core</Filter>
    </None>
    <None Include="..\src\cgb_scanline.inl">
      <Filter>Source Files\core</Filter>
    </None>
    <None Include="..\src\dmg_scanline.inl">
      <Filter>Source Files\core</Filter>
    </None>
    <None Include="..\src\scanline_resolve.inl">
      <Filter>Source Files\core</Filter>
    </None>
    <None Include="..\src\tilerow.inl">
      <Filter>Header Files</Filter>
    </None>
    <None Include="..\..\prizm-zx7\zx7.inl">
      <Filter>prizm-zx7</Filter>
    </None>
    <None Include="..\..\calctype\calctype.inl">
      <Filter>calctype</Filter>
    </None>
  </ItemGroup>
</Project>